// !$*UTF8*$!
{
	archiveVersion = 1;
	classes = {
	};
	objectVersion = 50;
	objects = {

/* Begin PBXBuildFile section */
		60CFDC4F21398CD600C4134D /* AppDelegate.swift in Sources */ = {isa = PBXBuildFile; fileRef = 60CFDC4E21398CD600C4134D /* AppDelegate.swift */; };
		60CFDC5121398CD600C4134D /* ViewController.swift in Sources */ = {isa = PBXBuildFile; fileRef = 60CFDC5021398CD600C4134D /* ViewController.swift */; };
		60CFDC5421398CD600C4134D /* Main.storyboard in Resources */ = {isa = PBXBuildFile; fileRef = 60CFDC5221398CD600C4134D /* Main.storyboard */; };
		60CFDC5621398CD700C4134D /* Assets.xcassets in Resources */ = {isa = PBXBuildFile; fileRef = 60CFDC5521398CD700C4134D /* Assets.xcassets */; };
		60CFDC5921398CD700C4134D /* LaunchScreen.storyboard in Resources */ = {isa = PBXBuildFile; fileRef = 60CFDC5721398CD700C4134D /* LaunchScreen.storyboard */; };
		60CFDC642139937900C4134D /* web3swift_iOS.framework in Frameworks */ = {isa = PBXBuildFile; fileRef = 60CFDC602139935A00C4134D /* web3swift_iOS.framework */; };
		60CFDC652139937900C4134D /* web3swift_iOS.framework in Embed Frameworks */ = {isa = PBXBuildFile; fileRef = 60CFDC602139935A00C4134D /* web3swift_iOS.framework */; settings = {ATTRIBUTES = (CodeSignOnCopy, RemoveHeadersOnCopy, ); }; };
		60CFDC6A2139977100C4134D /* ImageURLView.swift in Sources */ = {isa = PBXBuildFile; fileRef = 60CFDC692139977100C4134D /* ImageURLView.swift */; };
/* End PBXBuildFile section */

/* Begin PBXCopyFilesBuildPhase section */
		60CFDC662139937900C4134D /* Embed Frameworks */ = {
			isa = PBXCopyFilesBuildPhase;
			buildActionMask = 2147483647;
			dstPath = "";
			dstSubfolderSpec = 10;
			files = (
				60CFDC652139937900C4134D /* web3swift_iOS.framework in Embed Frameworks */,
			);
			name = "Embed Frameworks";
			runOnlyForDeploymentPostprocessing = 0;
		};
/* End PBXCopyFilesBuildPhase section */

/* Begin PBXFileReference section */
		60CFDC4B21398CD600C4134D /* CryptoWorkshop.app */ = {isa = PBXFileReference; explicitFileType = wrapper.application; includeInIndex = 0; path = CryptoWorkshop.app; sourceTree = BUILT_PRODUCTS_DIR; };
		60CFDC4E21398CD600C4134D /* AppDelegate.swift */ = {isa = PBXFileReference; lastKnownFileType = sourcecode.swift; path = AppDelegate.swift; sourceTree = "<group>"; };
		60CFDC5021398CD600C4134D /* ViewController.swift */ = {isa = PBXFileReference; lastKnownFileType = sourcecode.swift; path = ViewController.swift; sourceTree = "<group>"; };
		60CFDC5321398CD600C4134D /* Base */ = {isa = PBXFileReference; lastKnownFileType = file.storyboard; name = Base; path = Base.lproj/Main.storyboard; sourceTree = "<group>"; };
		60CFDC5521398CD700C4134D /* Assets.xcassets */ = {isa = PBXFileReference; lastKnownFileType = folder.assetcatalog; path = Assets.xcassets; sourceTree = "<group>"; };
		60CFDC5821398CD700C4134D /* Base */ = {isa = PBXFileReference; lastKnownFileType = file.storyboard; name = Base; path = Base.lproj/LaunchScreen.storyboard; sourceTree = "<group>"; };
		60CFDC5A21398CD800C4134D /* Info.plist */ = {isa = PBXFileReference; lastKnownFileType = text.plist.xml; path = Info.plist; sourceTree = "<group>"; };
		60CFDC602139935A00C4134D /* web3swift_iOS.framework */ = {isa = PBXFileReference; lastKnownFileType = wrapper.framework; path = web3swift_iOS.framework; sourceTree = "<group>"; };
		60CFDC692139977100C4134D /* ImageURLView.swift */ = {isa = PBXFileReference; lastKnownFileType = sourcecode.swift; path = ImageURLView.swift; sourceTree = "<group>"; };
/* End PBXFileReference section */

/* Begin PBXFrameworksBuildPhase section */
		60CFDC4821398CD600C4134D /* Frameworks */ = {
			isa = PBXFrameworksBuildPhase;
			buildActionMask = 2147483647;
			files = (
				60CFDC642139937900C4134D /* web3swift_iOS.framework in Frameworks */,
			);
			runOnlyForDeploymentPostprocessing = 0;
		};
/* End PBXFrameworksBuildPhase section */

/* Begin PBXGroup section */
		60CFDC4221398CD600C4134D = {
			isa = PBXGroup;
			children = (
				60CFDC4D21398CD600C4134D /* CryptoWorkshop */,
				60CFDC4C21398CD600C4134D /* Products */,
				60CFDC602139935A00C4134D /* web3swift_iOS.framework */,
			);
			sourceTree = "<group>";
		};
		60CFDC4C21398CD600C4134D /* Products */ = {
			isa = PBXGroup;
			children = (
				60CFDC4B21398CD600C4134D /* CryptoWorkshop.app */,
			);
			name = Products;
			sourceTree = "<group>";
		};
		60CFDC4D21398CD600C4134D /* CryptoWorkshop */ = {
			isa = PBXGroup;
			children = (
				60CFDC4E21398CD600C4134D /* AppDelegate.swift */,
				60CFDC5021398CD600C4134D /* ViewController.swift */,
				60CFDC5221398CD600C4134D /* Main.storyboard */,
				60CFDC5521398CD700C4134D /* Assets.xcassets */,
				60CFDC5721398CD700C4134D /* LaunchScreen.storyboard */,
				60CFDC5A21398CD800C4134D /* Info.plist */,
				60CFDC692139977100C4134D /* ImageURLView.swift */,
			);
			path = CryptoWorkshop;
			sourceTree = "<group>";
		};
/* End PBXGroup section */

/* Begin PBXNativeTarget section */
		60CFDC4A21398CD600C4134D /* CryptoWorkshop */ = {
			isa = PBXNativeTarget;
			buildConfigurationList = 60CFDC5D21398CD800C4134D /* Build configuration list for PBXNativeTarget "CryptoWorkshop" */;
			buildPhases = (
				60CFDC4721398CD600C4134D /* Sources */,
				60CFDC4821398CD600C4134D /* Frameworks */,
				60CFDC4921398CD600C4134D /* Resources */,
				60CFDC662139937900C4134D /* Embed Frameworks */,
			);
			buildRules = (
			);
			dependencies = (
			);
			name = CryptoWorkshop;
			productName = CryptoWorkshop;
			productReference = 60CFDC4B21398CD600C4134D /* CryptoWorkshop.app */;
			productType = "com.apple.product-type.application";
		};
/* End PBXNativeTarget section */

/* Begin PBXProject section */
		60CFDC4321398CD600C4134D /* Project object */ = {
			isa = PBXProject;
			attributes = {
				LastSwiftUpdateCheck = 0940;
				LastUpgradeCheck = 0940;
				ORGANIZATIONNAME = TanookiLabs;
				TargetAttributes = {
					60CFDC4A21398CD600C4134D = {
						CreatedOnToolsVersion = 9.4.1;
					};
				};
			};
			buildConfigurationList = 60CFDC4621398CD600C4134D /* Build configuration list for PBXProject "CryptoWorkshop" */;
			compatibilityVersion = "Xcode 9.3";
			developmentRegion = en;
			hasScannedForEncodings = 0;
			knownRegions = (
				en,
				Base,
			);
			mainGroup = 60CFDC4221398CD600C4134D;
			productRefGroup = 60CFDC4C21398CD600C4134D /* Products */;
			projectDirPath = "";
			projectRoot = "";
			targets = (
				60CFDC4A21398CD600C4134D /* CryptoWorkshop */,
			);
		};
/* End PBXProject section */

/* Begin PBXResourcesBuildPhase section */
		60CFDC4921398CD600C4134D /* Resources */ = {
			isa = PBXResourcesBuildPhase;
			buildActionMask = 2147483647;
			files = (
				60CFDC5921398CD700C4134D /* LaunchScreen.storyboard in Resources */,
				60CFDC5621398CD700C4134D /* Assets.xcassets in Resources */,
				60CFDC5421398CD600C4134D /* Main.storyboard in Resources */,
			);
			runOnlyForDeploymentPostprocessing = 0;
		};
/* End PBXResourcesBuildPhase section */

/* Begin PBXSourcesBuildPhase section */
		60CFDC4721398CD600C4134D /* Sources */ = {
			isa = PBXSourcesBuildPhase;
			buildActionMask = 2147483647;
			files = (
				60CFDC5121398CD600C4134D /* ViewController.swift in Sources */,
				60CFDC6A2139977100C4134D /* ImageURLView.swift in Sources */,
				60CFDC4F21398CD600C4134D /* AppDelegate.swift in Sources */,
			);
			runOnlyForDeploymentPostprocessing = 0;
		};
/* End PBXSourcesBuildPhase section */

/* Begin PBXVariantGroup section */
		60CFDC5221398CD600C4134D /* Main.storyboard */ = {
			isa = PBXVariantGroup;
			children = (
				60CFDC5321398CD600C4134D /* Base */,
			);
			name = Main.storyboard;
			sourceTree = "<group>";
		};
		60CFDC5721398CD700C4134D /* LaunchScreen.storyboard */ = {
			isa = PBXVariantGroup;
			children = (
				60CFDC5821398CD700C4134D /* Base */,
			);
			name = LaunchScreen.storyboard;
			sourceTree = "<group>";
		};
/* End PBXVariantGroup section */

/* Begin XCBuildConfiguration section */
		60CFDC5B21398CD800C4134D /* Debug */ = {
			isa = XCBuildConfiguration;
			buildSettings = {
				ALWAYS_SEARCH_USER_PATHS = NO;
				CLANG_ANALYZER_NONNULL = YES;
				CLANG_ANALYZER_NUMBER_OBJECT_CONVERSION = YES_AGGRESSIVE;
				CLANG_CXX_LANGUAGE_STANDARD = "gnu++14";
				CLANG_CXX_LIBRARY = "libc++";
				CLANG_ENABLE_MODULES = YES;
				CLANG_ENABLE_OBJC_ARC = YES;
				CLANG_ENABLE_OBJC_WEAK = YES;
				CLANG_WARN_BLOCK_CAPTURE_AUTORELEASING = YES;
				CLANG_WARN_BOOL_CONVERSION = YES;
				CLANG_WARN_COMMA = YES;
				CLANG_WARN_CONSTANT_CONVERSION = YES;
				CLANG_WARN_DEPRECATED_OBJC_IMPLEMENTATIONS = YES;
				CLANG_WARN_DIRECT_OBJC_ISA_USAGE = YES_ERROR;
				CLANG_WARN_DOCUMENTATION_COMMENTS = YES;
				CLANG_WARN_EMPTY_BODY = YES;
				CLANG_WARN_ENUM_CONVERSION = YES;
				CLANG_WARN_INFINITE_RECURSION = YES;
				CLANG_WARN_INT_CONVERSION = YES;
				CLANG_WARN_NON_LITERAL_NULL_CONVERSION = YES;
				CLANG_WARN_OBJC_IMPLICIT_RETAIN_SELF = YES;
				CLANG_WARN_OBJC_LITERAL_CONVERSION = YES;
				CLANG_WARN_OBJC_ROOT_CLASS = YES_ERROR;
				CLANG_WARN_RANGE_LOOP_ANALYSIS = YES;
				CLANG_WARN_STRICT_PROTOTYPES = YES;
				CLANG_WARN_SUSPICIOUS_MOVE = YES;
				CLANG_WARN_UNGUARDED_AVAILABILITY = YES_AGGRESSIVE;
				CLANG_WARN_UNREACHABLE_CODE = YES;
				CLANG_WARN__DUPLICATE_METHOD_MATCH = YES;
				CODE_SIGN_IDENTITY = "iPhone Developer";
				COPY_PHASE_STRIP = NO;
				DEBUG_INFORMATION_FORMAT = dwarf;
				ENABLE_STRICT_OBJC_MSGSEND = YES;
				ENABLE_TESTABILITY = YES;
				GCC_C_LANGUAGE_STANDARD = gnu11;
				GCC_DYNAMIC_NO_PIC = NO;
				GCC_NO_COMMON_BLOCKS = YES;
				GCC_OPTIMIZATION_LEVEL = 0;
				GCC_PREPROCESSOR_DEFINITIONS = (
					"DEBUG=1",
					"$(inherited)",
				);
				GCC_WARN_64_TO_32_BIT_CONVERSION = YES;
				GCC_WARN_ABOUT_RETURN_TYPE = YES_ERROR;
				GCC_WARN_UNDECLARED_SELECTOR = YES;
				GCC_WARN_UNINITIALIZED_AUTOS = YES_AGGRESSIVE;
				GCC_WARN_UNUSED_FUNCTION = YES;
				GCC_WARN_UNUSED_VARIABLE = YES;
				IPHONEOS_DEPLOYMENT_TARGET = 11.4;
				MTL_ENABLE_DEBUG_INFO = YES;
				ONLY_ACTIVE_ARCH = YES;
				SDKROOT = iphoneos;
				SWIFT_ACTIVE_COMPILATION_CONDITIONS = DEBUG;
				SWIFT_OPTIMIZATION_LEVEL = "-Onone";
			};
			name = Debug;
		};
		60CFDC5C21398CD800C4134D /* Release */ = {
			isa = XCBuildConfiguration;
			buildSettings = {
				ALWAYS_SEARCH_USER_PATHS = NO;
				CLANG_ANALYZER_NONNULL = YES;
				CLANG_ANALYZER_NUMBER_OBJECT_CONVERSION = YES_AGGRESSIVE;
				CLANG_CXX_LANGUAGE_STANDARD = "gnu++14";
				CLANG_CXX_LIBRARY = "libc++";
				CLANG_ENABLE_MODULES = YES;
				CLANG_ENABLE_OBJC_ARC = YES;
				CLANG_ENABLE_OBJC_WEAK = YES;
				CLANG_WARN_BLOCK_CAPTURE_AUTORELEASING = YES;
				CLANG_WARN_BOOL_CONVERSION = YES;
				CLANG_WARN_COMMA = YES;
				CLANG_WARN_CONSTANT_CONVERSION = YES;
				CLANG_WARN_DEPRECATED_OBJC_IMPLEMENTATIONS = YES;
				CLANG_WARN_DIRECT_OBJC_ISA_USAGE = YES_ERROR;
				CLANG_WARN_DOCUMENTATION_COMMENTS = YES;
				CLANG_WARN_EMPTY_BODY = YES;
				CLANG_WARN_ENUM_CONVERSION = YES;
				CLANG_WARN_INFINITE_RECURSION = YES;
				CLANG_WARN_INT_CONVERSION = YES;
				CLANG_WARN_NON_LITERAL_NULL_CONVERSION = YES;
				CLANG_WARN_OBJC_IMPLICIT_RETAIN_SELF = YES;
				CLANG_WARN_OBJC_LITERAL_CONVERSION = YES;
				CLANG_WARN_OBJC_ROOT_CLASS = YES_ERROR;
				CLANG_WARN_RANGE_LOOP_ANALYSIS = YES;
				CLANG_WARN_STRICT_PROTOTYPES = YES;
				CLANG_WARN_SUSPICIOUS_MOVE = YES;
				CLANG_WARN_UNGUARDED_AVAILABILITY = YES_AGGRESSIVE;
				CLANG_WARN_UNREACHABLE_CODE = YES;
				CLANG_WARN__DUPLICATE_METHOD_MATCH = YES;
				CODE_SIGN_IDENTITY = "iPhone Developer";
				COPY_PHASE_STRIP = NO;
				DEBUG_INFORMATION_FORMAT = "dwarf-with-dsym";
				ENABLE_NS_ASSERTIONS = NO;
				ENABLE_STRICT_OBJC_MSGSEND = YES;
				GCC_C_LANGUAGE_STANDARD = gnu11;
				GCC_NO_COMMON_BLOCKS = YES;
				GCC_WARN_64_TO_32_BIT_CONVERSION = YES;
				GCC_WARN_ABOUT_RETURN_TYPE = YES_ERROR;
				GCC_WARN_UNDECLARED_SELECTOR = YES;
				GCC_WARN_UNINITIALIZED_AUTOS = YES_AGGRESSIVE;
				GCC_WARN_UNUSED_FUNCTION = YES;
				GCC_WARN_UNUSED_VARIABLE = YES;
				IPHONEOS_DEPLOYMENT_TARGET = 11.4;
				MTL_ENABLE_DEBUG_INFO = NO;
				SDKROOT = iphoneos;
				SWIFT_COMPILATION_MODE = wholemodule;
				SWIFT_OPTIMIZATION_LEVEL = "-O";
				VALIDATE_PRODUCT = YES;
			};
			name = Release;
		};
		60CFDC5E21398CD800C4134D /* Debug */ = {
			isa = XCBuildConfiguration;
			buildSettings = {
				ASSETCATALOG_COMPILER_APPICON_NAME = AppIcon;
				CODE_SIGN_STYLE = Automatic;
				DEVELOPMENT_TEAM = SHR79YU44T;
				FRAMEWORK_SEARCH_PATHS = (
					"$(inherited)",
					"$(PROJECT_DIR)",
				);
				INFOPLIST_FILE = CryptoWorkshop/Info.plist;
				LD_RUNPATH_SEARCH_PATHS = (
					"$(inherited)",
					"@executable_path/Frameworks",
				);
				PRODUCT_BUNDLE_IDENTIFIER = com.tanookilabs.CryptoWorkshop;
				PRODUCT_NAME = "$(TARGET_NAME)";
				SWIFT_VERSION = 4.0;
				TARGETED_DEVICE_FAMILY = "1,2";
			};
			name = Debug;
		};
		60CFDC5F21398CD800C4134D /* Release */ = {
			isa = XCBuildConfiguration;
			buildSettings = {
				ASSETCATALOG_COMPILER_APPICON_NAME = AppIcon;
				CODE_SIGN_STYLE = Automatic;
				DEVELOPMENT_TEAM = SHR79YU44T;
				FRAMEWORK_SEARCH_PATHS = (
					"$(inherited)",
					"$(PROJECT_DIR)",
				);
				INFOPLIST_FILE = CryptoWorkshop/Info.plist;
				LD_RUNPATH_SEARCH_PATHS = (
					"$(inherited)",
					"@executable_path/Frameworks",
				);
				PRODUCT_BUNDLE_IDENTIFIER = com.tanookilabs.CryptoWorkshop;
				PRODUCT_NAME = "$(TARGET_NAME)";
				SWIFT_VERSION = 4.0;
				TARGETED_DEVICE_FAMILY = "1,2";
			};
			name = Release;
		};
/* End XCBuildConfiguration section */

/* Begin XCConfigurationList section */
		60CFDC4621398CD600C4134D /* Build configuration list for PBXProject "CryptoWorkshop" */ = {
			isa = XCConfigurationList;
			buildConfigurations = (
				60CFDC5B21398CD800C4134D /* Debug */,
				60CFDC5C21398CD800C4134D /* Release */,
			);
			defaultConfigurationIsVisible = 0;
			defaultConfigurationName = Release;
		};
		60CFDC5D21398CD800C4134D /* Build configuration list for PBXNativeTarget "CryptoWorkshop" */ = {
			isa = XCConfigurationList;
			buildConfigurations = (
				60CFDC5E21398CD800C4134D /* Debug */,
				60CFDC5F21398CD800C4134D /* Release */,
			);
			defaultConfigurationIsVisible = 0;
			defaultConfigurationName = Release;
		};
/* End XCConfigurationList section */
	};
	rootObject = 60CFDC4321398CD600C4134D /* Project object */;
}
